// !$*UTF8*$!
{
	archiveVersion = 1;
	classes = {
	};
	objectVersion = 55;
	objects = {

/* Begin PBXBuildFile section */
		48E84D4C289C433C00F04F62 /* BudgetViewController.swift in Sources */ = {isa = PBXBuildFile; fileRef = 48E84D4B289C433C00F04F62 /* BudgetViewController.swift */; };
		48E84D4E289C43E000F04F62 /* DailyTipperViewController.swift in Sources */ = {isa = PBXBuildFile; fileRef = 48E84D4D289C43E000F04F62 /* DailyTipperViewController.swift */; };
		48E84D50289C4B8D00F04F62 /* ExtraResourcesViewController.swift in Sources */ = {isa = PBXBuildFile; fileRef = 48E84D4F289C4B8D00F04F62 /* ExtraResourcesViewController.swift */; };
		8EF2AC34289CC6300039FD59 /* AgeViewController.swift in Sources */ = {isa = PBXBuildFile; fileRef = 8EF2AC33289CC6300039FD59 /* AgeViewController.swift */; };
		9E0D26C428999D4E00942EAF /* AppDelegate.swift in Sources */ = {isa = PBXBuildFile; fileRef = 9E0D26C328999D4E00942EAF /* AppDelegate.swift */; };
		9E0D26C628999D4E00942EAF /* SceneDelegate.swift in Sources */ = {isa = PBXBuildFile; fileRef = 9E0D26C528999D4E00942EAF /* SceneDelegate.swift */; };
		9E0D26C828999D4E00942EAF /* ViewController.swift in Sources */ = {isa = PBXBuildFile; fileRef = 9E0D26C728999D4E00942EAF /* ViewController.swift */; };
		9E0D26CB28999D4E00942EAF /* Main.storyboard in Resources */ = {isa = PBXBuildFile; fileRef = 9E0D26C928999D4E00942EAF /* Main.storyboard */; };
		9E0D26CE28999D4E00942EAF /* GetttingGreen.xcdatamodeld in Sources */ = {isa = PBXBuildFile; fileRef = 9E0D26CC28999D4E00942EAF /* GetttingGreen.xcdatamodeld */; };
		9E0D26D028999D5300942EAF /* Assets.xcassets in Resources */ = {isa = PBXBuildFile; fileRef = 9E0D26CF28999D5300942EAF /* Assets.xcassets */; };
		9E0D26D328999D5300942EAF /* LaunchScreen.storyboard in Resources */ = {isa = PBXBuildFile; fileRef = 9E0D26D128999D5300942EAF /* LaunchScreen.storyboard */; };
/* End PBXBuildFile section */

/* Begin PBXFileReference section */
		48E84D4B289C433C00F04F62 /* BudgetViewController.swift */ = {isa = PBXFileReference; lastKnownFileType = sourcecode.swift; path = BudgetViewController.swift; sourceTree = "<group>"; };
		48E84D4D289C43E000F04F62 /* DailyTipperViewController.swift */ = {isa = PBXFileReference; lastKnownFileType = sourcecode.swift; path = DailyTipperViewController.swift; sourceTree = "<group>"; };
		48E84D4F289C4B8D00F04F62 /* ExtraResourcesViewController.swift */ = {isa = PBXFileReference; lastKnownFileType = sourcecode.swift; path = ExtraResourcesViewController.swift; sourceTree = "<group>"; };
		8EF2AC33289CC6300039FD59 /* AgeViewController.swift */ = {isa = PBXFileReference; lastKnownFileType = sourcecode.swift; path = AgeViewController.swift; sourceTree = "<group>"; };
		9E0D26C028999D4E00942EAF /* GetttingGreen.app */ = {isa = PBXFileReference; explicitFileType = wrapper.application; includeInIndex = 0; path = GetttingGreen.app; sourceTree = BUILT_PRODUCTS_DIR; };
		9E0D26C328999D4E00942EAF /* AppDelegate.swift */ = {isa = PBXFileReference; lastKnownFileType = sourcecode.swift; path = AppDelegate.swift; sourceTree = "<group>"; };
		9E0D26C528999D4E00942EAF /* SceneDelegate.swift */ = {isa = PBXFileReference; lastKnownFileType = sourcecode.swift; path = SceneDelegate.swift; sourceTree = "<group>"; };
		9E0D26C728999D4E00942EAF /* ViewController.swift */ = {isa = PBXFileReference; lastKnownFileType = sourcecode.swift; path = ViewController.swift; sourceTree = "<group>"; };
		9E0D26CA28999D4E00942EAF /* Base */ = {isa = PBXFileReference; lastKnownFileType = file.storyboard; name = Base; path = Base.lproj/Main.storyboard; sourceTree = "<group>"; };
		9E0D26CD28999D4E00942EAF /* GetttingGreen.xcdatamodel */ = {isa = PBXFileReference; lastKnownFileType = wrapper.xcdatamodel; path = GetttingGreen.xcdatamodel; sourceTree = "<group>"; };
		9E0D26CF28999D5300942EAF /* Assets.xcassets */ = {isa = PBXFileReference; lastKnownFileType = folder.assetcatalog; path = Assets.xcassets; sourceTree = "<group>"; };
		9E0D26D228999D5300942EAF /* Base */ = {isa = PBXFileReference; lastKnownFileType = file.storyboard; name = Base; path = Base.lproj/LaunchScreen.storyboard; sourceTree = "<group>"; };
		9E0D26D428999D5300942EAF /* Info.plist */ = {isa = PBXFileReference; lastKnownFileType = text.plist.xml; path = Info.plist; sourceTree = "<group>"; };
/* End PBXFileReference section */

/* Begin PBXFrameworksBuildPhase section */
		9E0D26BD28999D4E00942EAF /* Frameworks */ = {
			isa = PBXFrameworksBuildPhase;
			buildActionMask = 2147483647;
			files = (
			);
			runOnlyForDeploymentPostprocessing = 0;
		};
/* End PBXFrameworksBuildPhase section */

/* Begin PBXGroup section */
		9E0D26B728999D4E00942EAF = {
			isa = PBXGroup;
			children = (
				9E0D26C228999D4E00942EAF /* GetttingGreen */,
				9E0D26C128999D4E00942EAF /* Products */,
			);
			sourceTree = "<group>";
		};
		9E0D26C128999D4E00942EAF /* Products */ = {
			isa = PBXGroup;
			children = (
				9E0D26C028999D4E00942EAF /* GetttingGreen.app */,
			);
			name = Products;
			sourceTree = "<group>";
		};
		9E0D26C228999D4E00942EAF /* GetttingGreen */ = {
			isa = PBXGroup;
			children = (
				9E0D26C328999D4E00942EAF /* AppDelegate.swift */,
				9E0D26C528999D4E00942EAF /* SceneDelegate.swift */,
				9E0D26C728999D4E00942EAF /* ViewController.swift */,
				48E84D4F289C4B8D00F04F62 /* ExtraResourcesViewController.swift */,
				48E84D4D289C43E000F04F62 /* DailyTipperViewController.swift */,
				48E84D4B289C433C00F04F62 /* BudgetViewController.swift */,
				9E0D26C928999D4E00942EAF /* Main.storyboard */,
				8EF2AC33289CC6300039FD59 /* AgeViewController.swift */,
				9E0D26CF28999D5300942EAF /* Assets.xcassets */,
				9E0D26D128999D5300942EAF /* LaunchScreen.storyboard */,
				9E0D26D428999D5300942EAF /* Info.plist */,
				9E0D26CC28999D4E00942EAF /* GetttingGreen.xcdatamodeld */,
			);
			path = GetttingGreen;
			sourceTree = "<group>";
		};
/* End PBXGroup section */

/* Begin PBXNativeTarget section */
		9E0D26BF28999D4E00942EAF /* GetttingGreen */ = {
			isa = PBXNativeTarget;
			buildConfigurationList = 9E0D26D728999D5300942EAF /* Build configuration list for PBXNativeTarget "GetttingGreen" */;
			buildPhases = (
				9E0D26BC28999D4E00942EAF /* Sources */,
				9E0D26BD28999D4E00942EAF /* Frameworks */,
				9E0D26BE28999D4E00942EAF /* Resources */,
			);
			buildRules = (
			);
			dependencies = (
			);
			name = GetttingGreen;
			productName = GetttingGreen;
			productReference = 9E0D26C028999D4E00942EAF /* GetttingGreen.app */;
			productType = "com.apple.product-type.application";
		};
/* End PBXNativeTarget section */

/* Begin PBXProject section */
		9E0D26B828999D4E00942EAF /* Project object */ = {
			isa = PBXProject;
			attributes = {
				BuildIndependentTargetsInParallel = 1;
				LastSwiftUpdateCheck = 1340;
				LastUpgradeCheck = 1340;
				TargetAttributes = {
					9E0D26BF28999D4E00942EAF = {
						CreatedOnToolsVersion = 13.4.1;
					};
				};
			};
			buildConfigurationList = 9E0D26BB28999D4E00942EAF /* Build configuration list for PBXProject "GetttingGreen" */;
			compatibilityVersion = "Xcode 13.0";
			developmentRegion = en;
			hasScannedForEncodings = 0;
			knownRegions = (
				en,
				Base,
			);
			mainGroup = 9E0D26B728999D4E00942EAF;
			productRefGroup = 9E0D26C128999D4E00942EAF /* Products */;
			projectDirPath = "";
			projectRoot = "";
			targets = (
				9E0D26BF28999D4E00942EAF /* GetttingGreen */,
			);
		};
/* End PBXProject section */

/* Begin PBXResourcesBuildPhase section */
		9E0D26BE28999D4E00942EAF /* Resources */ = {
			isa = PBXResourcesBuildPhase;
			buildActionMask = 2147483647;
			files = (
				9E0D26D328999D5300942EAF /* LaunchScreen.storyboard in Resources */,
				9E0D26D028999D5300942EAF /* Assets.xcassets in Resources */,
				9E0D26CB28999D4E00942EAF /* Main.storyboard in Resources */,
			);
			runOnlyForDeploymentPostprocessing = 0;
		};
/* End PBXResourcesBuildPhase section */

/* Begin PBXSourcesBuildPhase section */
		9E0D26BC28999D4E00942EAF /* Sources */ = {
			isa = PBXSourcesBuildPhase;
			buildActionMask = 2147483647;
			files = (
				48E84D4E289C43E000F04F62 /* DailyTipperViewController.swift in Sources */,
				48E84D50289C4B8D00F04F62 /* ExtraResourcesViewController.swift in Sources */,
				9E0D26C828999D4E00942EAF /* ViewController.swift in Sources */,
				48E84D4C289C433C00F04F62 /* BudgetViewController.swift in Sources */,
				9E0D26CE28999D4E00942EAF /* GetttingGreen.xcdatamodeld in Sources */,
				9E0D26C428999D4E00942EAF /* AppDelegate.swift in Sources */,
				8EF2AC34289CC6300039FD59 /* AgeViewController.swift in Sources */,
				9E0D26C628999D4E00942EAF /* SceneDelegate.swift in Sources */,
			);
			runOnlyForDeploymentPostprocessing = 0;
		};
/* End PBXSourcesBuildPhase section */

/* Begin PBXVariantGroup section */
		9E0D26C928999D4E00942EAF /* Main.storyboard */ = {
			isa = PBXVariantGroup;
			children = (
				9E0D26CA28999D4E00942EAF /* Base */,
			);
			name = Main.storyboard;
			sourceTree = "<group>";
		};
		9E0D26D128999D5300942EAF /* LaunchScreen.storyboard */ = {
			isa = PBXVariantGroup;
			children = (
				9E0D26D228999D5300942EAF /* Base */,
			);
			name = LaunchScreen.storyboard;
			sourceTree = "<group>";
		};
/* End PBXVariantGroup section */

/* Begin XCBuildConfiguration section */
		9E0D26D528999D5300942EAF /* Debug */ = {
			isa = XCBuildConfiguration;
			buildSettings = {
				ALWAYS_SEARCH_USER_PATHS = NO;
				CLANG_ANALYZER_NONNULL = YES;
				CLANG_ANALYZER_NUMBER_OBJECT_CONVERSION = YES_AGGRESSIVE;
				CLANG_CXX_LANGUAGE_STANDARD = "gnu++17";
				CLANG_ENABLE_MODULES = YES;
				CLANG_ENABLE_OBJC_ARC = YES;
				CLANG_ENABLE_OBJC_WEAK = YES;
				CLANG_WARN_BLOCK_CAPTURE_AUTORELEASING = YES;
				CLANG_WARN_BOOL_CONVERSION = YES;
				CLANG_WARN_COMMA = YES;
				CLANG_WARN_CONSTANT_CONVERSION = YES;
				CLANG_WARN_DEPRECATED_OBJC_IMPLEMENTATIONS = YES;
				CLANG_WARN_DIRECT_OBJC_ISA_USAGE = YES_ERROR;
				CLANG_WARN_DOCUMENTATION_COMMENTS = YES;
				CLANG_WARN_EMPTY_BODY = YES;
				CLANG_WARN_ENUM_CONVERSION = YES;
				CLANG_WARN_INFINITE_RECURSION = YES;
				CLANG_WARN_INT_CONVERSION = YES;
				CLANG_WARN_NON_LITERAL_NULL_CONVERSION = YES;
				CLANG_WARN_OBJC_IMPLICIT_RETAIN_SELF = YES;
				CLANG_WARN_OBJC_LITERAL_CONVERSION = YES;
				CLANG_WARN_OBJC_ROOT_CLASS = YES_ERROR;
				CLANG_WARN_QUOTED_INCLUDE_IN_FRAMEWORK_HEADER = YES;
				CLANG_WARN_RANGE_LOOP_ANALYSIS = YES;
				CLANG_WARN_STRICT_PROTOTYPES = YES;
				CLANG_WARN_SUSPICIOUS_MOVE = YES;
				CLANG_WARN_UNGUARDED_AVAILABILITY = YES_AGGRESSIVE;
				CLANG_WARN_UNREACHABLE_CODE = YES;
				CLANG_WARN__DUPLICATE_METHOD_MATCH = YES;
				COPY_PHASE_STRIP = NO;
				DEBUG_INFORMATION_FORMAT = dwarf;
				ENABLE_STRICT_OBJC_MSGSEND = YES;
				ENABLE_TESTABILITY = YES;
				GCC_C_LANGUAGE_STANDARD = gnu11;
				GCC_DYNAMIC_NO_PIC = NO;
				GCC_NO_COMMON_BLOCKS = YES;
				GCC_OPTIMIZATION_LEVEL = 0;
				GCC_PREPROCESSOR_DEFINITIONS = (
					"DEBUG=1",
					"$(inherited)",
				);
				GCC_WARN_64_TO_32_BIT_CONVERSION = YES;
				GCC_WARN_ABOUT_RETURN_TYPE = YES_ERROR;
				GCC_WARN_UNDECLARED_SELECTOR = YES;
				GCC_WARN_UNINITIALIZED_AUTOS = YES_AGGRESSIVE;
				GCC_WARN_UNUSED_FUNCTION = YES;
				GCC_WARN_UNUSED_VARIABLE = YES;
				IPHONEOS_DEPLOYMENT_TARGET = 15.5;
				MTL_ENABLE_DEBUG_INFO = INCLUDE_SOURCE;
				MTL_FAST_MATH = YES;
				ONLY_ACTIVE_ARCH = YES;
				SDKROOT = iphoneos;
				SWIFT_ACTIVE_COMPILATION_CONDITIONS = DEBUG;
				SWIFT_OPTIMIZATION_LEVEL = "-Onone";
			};
			name = Debug;
		};
		9E0D26D628999D5300942EAF /* Release */ = {
			isa = XCBuildConfiguration;
			buildSettings = {
				ALWAYS_SEARCH_USER_PATHS = NO;
				CLANG_ANALYZER_NONNULL = YES;
				CLANG_ANALYZER_NUMBER_OBJECT_CONVERSION = YES_AGGRESSIVE;
				CLANG_CXX_LANGUAGE_STANDARD = "gnu++17";
				CLANG_ENABLE_MODULES = YES;
				CLANG_ENABLE_OBJC_ARC = YES;
				CLANG_ENABLE_OBJC_WEAK = YES;
				CLANG_WARN_BLOCK_CAPTURE_AUTORELEASING = YES;
				CLANG_WARN_BOOL_CONVERSION = YES;
				CLANG_WARN_COMMA = YES;
				CLANG_WARN_CONSTANT_CONVERSION = YES;
				CLANG_WARN_DEPRECATED_OBJC_IMPLEMENTATIONS = YES;
				CLANG_WARN_DIRECT_OBJC_ISA_USAGE = YES_ERROR;
				CLANG_WARN_DOCUMENTATION_COMMENTS = YES;
				CLANG_WARN_EMPTY_BODY = YES;
				CLANG_WARN_ENUM_CONVERSION = YES;
				CLANG_WARN_INFINITE_RECURSION = YES;
				CLANG_WARN_INT_CONVERSION = YES;
				CLANG_WARN_NON_LITERAL_NULL_CONVERSION = YES;
				CLANG_WARN_OBJC_IMPLICIT_RETAIN_SELF = YES;
				CLANG_WARN_OBJC_LITERAL_CONVERSION = YES;
				CLANG_WARN_OBJC_ROOT_CLASS = YES_ERROR;
				CLANG_WARN_QUOTED_INCLUDE_IN_FRAMEWORK_HEADER = YES;
				CLANG_WARN_RANGE_LOOP_ANALYSIS = YES;
				CLANG_WARN_STRICT_PROTOTYPES = YES;
				CLANG_WARN_SUSPICIOUS_MOVE = YES;
				CLANG_WARN_UNGUARDED_AVAILABILITY = YES_AGGRESSIVE;
				CLANG_WARN_UNREACHABLE_CODE = YES;
				CLANG_WARN__DUPLICATE_METHOD_MATCH = YES;
				COPY_PHASE_STRIP = NO;
				DEBUG_INFORMATION_FORMAT = "dwarf-with-dsym";
				ENABLE_NS_ASSERTIONS = NO;
				ENABLE_STRICT_OBJC_MSGSEND = YES;
				GCC_C_LANGUAGE_STANDARD = gnu11;
				GCC_NO_COMMON_BLOCKS = YES;
				GCC_WARN_64_TO_32_BIT_CONVERSION = YES;
				GCC_WARN_ABOUT_RETURN_TYPE = YES_ERROR;
				GCC_WARN_UNDECLARED_SELECTOR = YES;
				GCC_WARN_UNINITIALIZED_AUTOS = YES_AGGRESSIVE;
				GCC_WARN_UNUSED_FUNCTION = YES;
				GCC_WARN_UNUSED_VARIABLE = YES;
				IPHONEOS_DEPLOYMENT_TARGET = 15.5;
				MTL_ENABLE_DEBUG_INFO = NO;
				MTL_FAST_MATH = YES;
				SDKROOT = iphoneos;
				SWIFT_COMPILATION_MODE = wholemodule;
				SWIFT_OPTIMIZATION_LEVEL = "-O";
				VALIDATE_PRODUCT = YES;
			};
			name = Release;
		};
		9E0D26D828999D5300942EAF /* Debug */ = {
			isa = XCBuildConfiguration;
			buildSettings = {
				ASSETCATALOG_COMPILER_APPICON_NAME = AppIcon;
				ASSETCATALOG_COMPILER_GLOBAL_ACCENT_COLOR_NAME = AccentColor;
				CODE_SIGN_STYLE = Automatic;
				CURRENT_PROJECT_VERSION = 1;
				DEVELOPMENT_TEAM = DJMVXJTMQZ;
				GENERATE_INFOPLIST_FILE = YES;
				INFOPLIST_FILE = GetttingGreen/Info.plist;
				INFOPLIST_KEY_UIApplicationSupportsIndirectInputEvents = YES;
				INFOPLIST_KEY_UILaunchStoryboardName = LaunchScreen;
				INFOPLIST_KEY_UIMainStoryboardFile = Main;
				INFOPLIST_KEY_UISupportedInterfaceOrientations_iPad = "UIInterfaceOrientationPortrait UIInterfaceOrientationPortraitUpsideDown UIInterfaceOrientationLandscapeLeft UIInterfaceOrientationLandscapeRight";
				INFOPLIST_KEY_UISupportedInterfaceOrientations_iPhone = "UIInterfaceOrientationPortrait UIInterfaceOrientationLandscapeLeft UIInterfaceOrientationLandscapeRight";
				LD_RUNPATH_SEARCH_PATHS = (
					"$(inherited)",
					"@executable_path/Frameworks",
				);
				MARKETING_VERSION = 1.0;
				PRODUCT_BUNDLE_IDENTIFIER = KWK.GetttingGreen;
				PRODUCT_NAME = "$(TARGET_NAME)";
				SWIFT_EMIT_LOC_STRINGS = YES;
				SWIFT_VERSION = 5.0;
				TARGETED_DEVICE_FAMILY = "1,2";
			};
			name = Debug;
		};
		9E0D26D928999D5300942EAF /* Release */ = {
			isa = XCBuildConfiguration;
			buildSettings = {
				ASSETCATALOG_COMPILER_APPICON_NAME = AppIcon;
				ASSETCATALOG_COMPILER_GLOBAL_ACCENT_COLOR_NAME = AccentColor;
				CODE_SIGN_STYLE = Automatic;
				CURRENT_PROJECT_VERSION = 1;
				DEVELOPMENT_TEAM = DJMVXJTMQZ;
				GENERATE_INFOPLIST_FILE = YES;
				INFOPLIST_FILE = GetttingGreen/Info.plist;
				INFOPLIST_KEY_UIApplicationSupportsIndirectInputEvents = YES;
				INFOPLIST_KEY_UILaunchStoryboardName = LaunchScreen;
				INFOPLIST_KEY_UIMainStoryboardFile = Main;
				INFOPLIST_KEY_UISupportedInterfaceOrientations_iPad = "UIInterfaceOrientationPortrait UIInterfaceOrientationPortraitUpsideDown UIInterfaceOrientationLandscapeLeft UIInterfaceOrientationLandscapeRight";
				INFOPLIST_KEY_UISupportedInterfaceOrientations_iPhone = "UIInterfaceOrientationPortrait UIInterfaceOrientationLandscapeLeft UIInterfaceOrientationLandscapeRight";
				LD_RUNPATH_SEARCH_PATHS = (
					"$(inherited)",
					"@executable_path/Frameworks",
				);
				MARKETING_VERSION = 1.0;
				PRODUCT_BUNDLE_IDENTIFIER = KWK.GetttingGreen;
				PRODUCT_NAME = "$(TARGET_NAME)";
				SWIFT_EMIT_LOC_STRINGS = YES;
				SWIFT_VERSION = 5.0;
				TARGETED_DEVICE_FAMILY = "1,2";
			};
			name = Release;
		};
/* End XCBuildConfiguration section */

/* Begin XCConfigurationList section */
		9E0D26BB28999D4E00942EAF /* Build configuration list for PBXProject "GetttingGreen" */ = {
			isa = XCConfigurationList;
			buildConfigurations = (
				9E0D26D528999D5300942EAF /* Debug */,
				9E0D26D628999D5300942EAF /* Release */,
			);
			defaultConfigurationIsVisible = 0;
			defaultConfigurationName = Release;
		};
		9E0D26D728999D5300942EAF /* Build configuration list for PBXNativeTarget "GetttingGreen" */ = {
			isa = XCConfigurationList;
			buildConfigurations = (
				9E0D26D828999D5300942EAF /* Debug */,
				9E0D26D928999D5300942EAF /* Release */,
			);
			defaultConfigurationIsVisible = 0;
			defaultConfigurationName = Release;
		};
/* End XCConfigurationList section */

/* Begin XCVersionGroup section */
		9E0D26CC28999D4E00942EAF /* GetttingGreen.xcdatamodeld */ = {
			isa = XCVersionGroup;
			children = (
				9E0D26CD28999D4E00942EAF /* GetttingGreen.xcdatamodel */,
			);
			currentVersion = 9E0D26CD28999D4E00942EAF /* GetttingGreen.xcdatamodel */;
			path = GetttingGreen.xcdatamodeld;
			sourceTree = "<group>";
			versionGroupType = wrapper.xcdatamodel;
		};
/* End XCVersionGroup section */
	};
	rootObject = 9E0D26B828999D4E00942EAF /* Project object */;
}
